
Microsoft Visual Studio Solution File, Format Version 12.00
# Visual Studio Version 16
VisualStudioVersion = 16.0.30204.135
MinimumVisualStudioVersion = 10.0.40219.1
Project("{FAE04EC0-301F-11D3-BF4B-00C04F79EFBC}") = "coleccionHashtable", "coleccionHashtable\coleccionHashtable.csproj", "{7EAD584C-6347-401E-8AC8-F4F242D83B25}"
EndProject
Global
	GlobalSection(SolutionConfigurationPlatforms) = preSolution
		Debug|Any CPU = Debug|Any CPU
		Release|Any CPU = Release|Any CPU
	EndGlobalSection
	GlobalSection(ProjectConfigurationPlatforms) = postSolution
		{7EAD584C-6347-401E-8AC8-F4F242D83B25}.Debug|Any CPU.ActiveCfg = Debug|Any CPU
		{7EAD584C-6347-401E-8AC8-F4F242D83B25}.Debug|Any CPU.Build.0 = Debug|Any CPU
		{7EAD584C-6347-401E-8AC8-F4F242D83B25}.Release|Any CPU.ActiveCfg = Release|Any CPU
		{7EAD584C-6347-401E-8AC8-F4F242D83B25}.Release|Any CPU.Build.0 = Release|Any CPU
	EndGlobalSection
	GlobalSection(SolutionProperties) = preSolution
		HideSolutionNode = FALSE
	EndGlobalSection
	GlobalSection(ExtensibilityGlobals) = postSolution
		SolutionGuid = {19C87499-5BB8-4801-B92A-990070E4E90F}
	EndGlobalSection
EndGlobal
